{
    "name": "bookstore-cds",
    "version": "1.0.0",
    "lockfileVersion": 3,
    "requires": true,
    "packages": {
        "": {
            "name": "bookstore-cds",
            "version": "1.0.0",
            "license": "ISC",
            "dependencies": {
                "@sap/capire-products": "file:sap-capire-products-1.0.0.tgz"
            }
        },
        "node_modules/@sap/capire-products": {
            "version": "1.0.0",
            "resolved": "file:sap-capire-products-1.0.0.tgz",
            "integrity": "sha512-C0VnS5FEu2MsgK2HVOFUeZ+eqXcPc3x3djFxbhTQ27Zm+Tl/CKiw+xPpmB/0QoI8Q7KtqHZUmdGd+elMDT/OSg==",
            "license": "ISC"
        }
    }
}
